
Microsoft Visual Studio Solution File, Format Version 12.00
# Visual Studio Version 16
VisualStudioVersion = 16.0.31112.23
MinimumVisualStudioVersion = 10.0.40219.1
Project("{FAE04EC0-301F-11D3-BF4B-00C04F79EFBC}") = "个性化旅游网站", "个性化旅游网站.csproj", "{0F1693DC-9B43-4FF8-906A-06413B48A9B1}"
EndProject
Global
	GlobalSection(SolutionConfigurationPlatforms) = preSolution
		Debug|Any CPU = Debug|Any CPU
		Release|Any CPU = Release|Any CPU
	EndGlobalSection
	GlobalSection(ProjectConfigurationPlatforms) = postSolution
		{0F1693DC-9B43-4FF8-906A-06413B48A9B1}.Debug|Any CPU.ActiveCfg = Debug|Any CPU
		{0F1693DC-9B43-4FF8-906A-06413B48A9B1}.Debug|Any CPU.Build.0 = Debug|Any CPU
		{0F1693DC-9B43-4FF8-906A-06413B48A9B1}.Release|Any CPU.ActiveCfg = Release|Any CPU
		{0F1693DC-9B43-4FF8-906A-06413B48A9B1}.Release|Any CPU.Build.0 = Release|Any CPU
	EndGlobalSection
	GlobalSection(SolutionProperties) = preSolution
		HideSolutionNode = FALSE
	EndGlobalSection
	GlobalSection(ExtensibilityGlobals) = postSolution
		SolutionGuid = {052D849C-38D5-476F-BB70-6CCE5C899696}
	EndGlobalSection
EndGlobal
